
Microsoft Visual Studio Solution File, Format Version 12.00
# Visual Studio Version 17
VisualStudioVersion = 17.0.31903.59
MinimumVisualStudioVersion = 10.0.40219.1
Project("{FAE04EC0-301F-11D3-BF4B-00C04F79EFBC}") = "AverageCalculator", "AverageCalculator\AverageCalculator.csproj", "{1FB02D44-22C7-4497-AC2E-22C1E82DBF4D}"
EndProject
Project("{FAE04EC0-301F-11D3-BF4B-00C04F79EFBC}") = "Program00", "Program00\Program00.csproj", "{49FC87E9-A4D2-4BE3-BCAD-1D8C703E84ED}"
EndProject
Project("{FAE04EC0-301F-11D3-BF4B-00C04F79EFBC}") = "AverageCalculator.Tests", "AverageCalculator.Tests\AverageCalculator.Tests.csproj", "{3257A7D0-FA26-4047-9D1A-825F8BAC46F6}"
EndProject
Global
	GlobalSection(SolutionConfigurationPlatforms) = preSolution
		Debug|Any CPU = Debug|Any CPU
		Release|Any CPU = Release|Any CPU
	EndGlobalSection
	GlobalSection(SolutionProperties) = preSolution
		HideSolutionNode = FALSE
	EndGlobalSection
	GlobalSection(ProjectConfigurationPlatforms) = postSolution
		{1FB02D44-22C7-4497-AC2E-22C1E82DBF4D}.Debug|Any CPU.ActiveCfg = Debug|Any CPU
		{1FB02D44-22C7-4497-AC2E-22C1E82DBF4D}.Debug|Any CPU.Build.0 = Debug|Any CPU
		{1FB02D44-22C7-4497-AC2E-22C1E82DBF4D}.Release|Any CPU.ActiveCfg = Release|Any CPU
		{1FB02D44-22C7-4497-AC2E-22C1E82DBF4D}.Release|Any CPU.Build.0 = Release|Any CPU
		{49FC87E9-A4D2-4BE3-BCAD-1D8C703E84ED}.Debug|Any CPU.ActiveCfg = Debug|Any CPU
		{49FC87E9-A4D2-4BE3-BCAD-1D8C703E84ED}.Debug|Any CPU.Build.0 = Debug|Any CPU
		{49FC87E9-A4D2-4BE3-BCAD-1D8C703E84ED}.Release|Any CPU.ActiveCfg = Release|Any CPU
		{49FC87E9-A4D2-4BE3-BCAD-1D8C703E84ED}.Release|Any CPU.Build.0 = Release|Any CPU
		{3257A7D0-FA26-4047-9D1A-825F8BAC46F6}.Debug|Any CPU.ActiveCfg = Debug|Any CPU
		{3257A7D0-FA26-4047-9D1A-825F8BAC46F6}.Debug|Any CPU.Build.0 = Debug|Any CPU
		{3257A7D0-FA26-4047-9D1A-825F8BAC46F6}.Release|Any CPU.ActiveCfg = Release|Any CPU
		{3257A7D0-FA26-4047-9D1A-825F8BAC46F6}.Release|Any CPU.Build.0 = Release|Any CPU
	EndGlobalSection
EndGlobal
